
Microsoft Visual Studio Solution File, Format Version 12.00
# Visual Studio Version 17
VisualStudioVersion = 17.4.33213.308
MinimumVisualStudioVersion = 10.0.40219.1
Project("{888888A0-9F3D-457C-B088-3A5042F75D52}") = "praktiline too n.k", "praktiline too n.k.pyproj", "{1D5CA8B9-E9B3-490E-966F-DA29393E34EF}"
EndProject
Global
	GlobalSection(SolutionConfigurationPlatforms) = preSolution
		Debug|Any CPU = Debug|Any CPU
		Release|Any CPU = Release|Any CPU
	EndGlobalSection
	GlobalSection(ProjectConfigurationPlatforms) = postSolution
		{1D5CA8B9-E9B3-490E-966F-DA29393E34EF}.Debug|Any CPU.ActiveCfg = Debug|Any CPU
		{1D5CA8B9-E9B3-490E-966F-DA29393E34EF}.Release|Any CPU.ActiveCfg = Release|Any CPU
	EndGlobalSection
	GlobalSection(SolutionProperties) = preSolution
		HideSolutionNode = FALSE
	EndGlobalSection
	GlobalSection(ExtensibilityGlobals) = postSolution
		SolutionGuid = {AAE170FF-F15F-4EE7-AF6C-23506DB558B0}
	EndGlobalSection
EndGlobal
